<?xml version="1.0" encoding="utf-8"?>
<Project ToolsVersion="4.0" xmlns="http://schemas.microsoft.com/developer/msbuild/2003">
  <ItemGroup>
    <Filter Include="來源檔案">
      <UniqueIdentifier>{4FC737F1-C7A5-4376-A066-2A32D752A2FF}</UniqueIdentifier>
      <Extensions>cpp;c;cc;cxx;def;odl;idl;hpj;bat;asm;asmx</Extensions>
    </Filter>
    <Filter Include="標頭檔">
      <UniqueIdentifier>{93995380-89BD-4b04-88EB-625FBE52EBFB}</UniqueIdentifier>
      <Extensions>h;hh;hpp;hxx;hm;inl;inc;xsd</Extensions>
    </Filter>
    <Filter Include="資源檔">
      <UniqueIdentifier>{67DA6AB6-F800-4c08-8B7A-83BB121AAD01}</UniqueIdentifier>
      <Extensions>rc;ico;cur;bmp;dlg;rc2;rct;bin;rgs;gif;jpg;jpeg;jpe;resx;tiff;tif;png;wav;mfcribbon-ms</Extensions>
    </Filter>
    <Filter Include="來源檔案\OpenCV">
      <UniqueIdentifier>{4b2277d6-fee9-402a-99d5-cf2b8332f8cc}</UniqueIdentifier>
    </Filter>
    <Filter Include="來源檔案\Feat">
      <UniqueIdentifier>{27c936f0-f52b-491e-ae67-14fc99485825}</UniqueIdentifier>
    </Filter>
    <Filter Include="來源檔案\Harris">
      <UniqueIdentifier>{06bfe745-b967-43a0-9400-547734ac00b1}</UniqueIdentifier>
    </Filter>
    <Filter Include="外部函式庫">
      <UniqueIdentifier>{fd6bd7a6-0358-4038-8623-fb718f530258}</UniqueIdentifier>
    </Filter>
    <Filter Include="外部函式庫\fast">
      <UniqueIdentifier>{c88a54fe-8de7-4817-9554-b1769a520cc8}</UniqueIdentifier>
    </Filter>
    <Filter Include="自訂函式庫">
      <UniqueIdentifier>{c173f442-e7a7-4da3-8c69-7b9722a251b9}</UniqueIdentifier>
    </Filter>
    <Filter Include="自訂函式庫\Imgraw">
      <UniqueIdentifier>{5306abe1-9297-4996-b380-81500c981c46}</UniqueIdentifier>
    </Filter>
    <Filter Include="自訂函式庫\Imgraw\imglib">
      <UniqueIdentifier>{49330b6b-dccb-4d2a-b9aa-670fe47aaffe}</UniqueIdentifier>
    </Filter>
    <Filter Include="自訂函式庫\Imgraw\Raw2Img">
      <UniqueIdentifier>{7f903276-29e5-40f6-a394-fcc534fb9768}</UniqueIdentifier>
    </Filter>
    <Filter Include="來源檔案\ORB">
      <UniqueIdentifier>{b6c17fae-f977-43cd-a62c-c7e3c4b2ce57}</UniqueIdentifier>
    </Filter>
    <Filter Include="自訂函式庫\getFocus">
      <UniqueIdentifier>{8aa032d5-e26b-43af-8b07-0bab2290db0f}</UniqueIdentifier>
    </Filter>
    <Filter Include="自訂函式庫\LapBlend">
      <UniqueIdentifier>{784a8a4c-8d0a-45d3-a431-c022bc0e4899}</UniqueIdentifier>
    </Filter>
    <Filter Include="自訂函式庫\WarpPers">
      <UniqueIdentifier>{2a988cf1-ecfa-4b54-be48-e5bbcd2fafaa}</UniqueIdentifier>
    </Filter>
  </ItemGroup>
  <ItemGroup>
    <ClCompile Include="main.cpp">
      <Filter>來源檔案</Filter>
    </ClCompile>
    <ClCompile Include="fastlib\fast.c">
      <Filter>外部函式庫\fast</Filter>
    </ClCompile>
    <ClCompile Include="fastlib\fast_9.c">
      <Filter>外部函式庫\fast</Filter>
    </ClCompile>
    <ClCompile Include="fastlib\fast_10.c">
      <Filter>外部函式庫\fast</Filter>
    </ClCompile>
    <ClCompile Include="fastlib\fast_11.c">
      <Filter>外部函式庫\fast</Filter>
    </ClCompile>
    <ClCompile Include="fastlib\fast_12.c">
      <Filter>外部函式庫\fast</Filter>
    </ClCompile>
    <ClCompile Include="fastlib\nonmax.c">
      <Filter>外部函式庫\fast</Filter>
    </ClCompile>
    <ClCompile Include="ImgRaw\Imgraw.cpp">
      <Filter>自訂函式庫\Imgraw</Filter>
    </ClCompile>
    <ClCompile Include="opencvTest.cpp">
      <Filter>來源檔案\OpenCV</Filter>
    </ClCompile>
    <ClCompile Include="ImgRaw\imglib\imglib.cpp">
      <Filter>自訂函式庫\Imgraw\imglib</Filter>
    </ClCompile>
    <ClCompile Include="harris_coners\harris_coners.cpp">
      <Filter>來源檔案\Harris</Filter>
    </ClCompile>
    <ClCompile Include="feat\feat.cpp">
      <Filter>來源檔案\Feat</Filter>
    </ClCompile>
    <ClCompile Include="ImgRaw\Raw2Img\Raw2img.cpp">
      <Filter>自訂函式庫\Imgraw\Raw2Img</Filter>
    </ClCompile>
    <ClCompile Include="ORB.cpp">
      <Filter>來源檔案\ORB</Filter>
    </ClCompile>
    <ClCompile Include="getFocus\getFocus.cpp">
      <Filter>自訂函式庫\getFocus</Filter>
    </ClCompile>
    <ClCompile Include="LapBlend\LapBlend.cpp">
      <Filter>自訂函式庫\LapBlend</Filter>
    </ClCompile>
    <ClCompile Include="WarpPers\WarpPers.cpp">
      <Filter>自訂函式庫\WarpPers</Filter>
    </ClCompile>
  </ItemGroup>
  <ItemGroup>
    <ClInclude Include="ImgRaw\Imgraw.hpp">
      <Filter>自訂函式庫\Imgraw</Filter>
    </ClInclude>
    <ClInclude Include="opencvTest.hpp">
      <Filter>來源檔案\OpenCV</Filter>
    </ClInclude>
    <ClInclude Include="ImgRaw\imglib\imglib.hpp">
      <Filter>自訂函式庫\Imgraw\imglib</Filter>
    </ClInclude>
    <ClInclude Include="harris_coners\harris_coners.hpp">
      <Filter>來源檔案\Harris</Filter>
    </ClInclude>
    <ClInclude Include="feat\feat.hpp">
      <Filter>來源檔案\Feat</Filter>
    </ClInclude>
    <ClInclude Include="ImgRaw\Raw2Img\Raw2img.hpp">
      <Filter>自訂函式庫\Imgraw\Raw2Img</Filter>
    </ClInclude>
    <ClInclude Include="ImgRaw\Raw2Img\Raw2img_type.hpp">
      <Filter>自訂函式庫\Imgraw\Raw2Img</Filter>
    </ClInclude>
    <ClInclude Include="ORB_bit_pattern_31_.hpp">
      <Filter>標頭檔</Filter>
    </ClInclude>
    <ClInclude Include="fastlib\fast.h">
      <Filter>外部函式庫\fast</Filter>
    </ClInclude>
    <ClInclude Include="ORB.hpp">
      <Filter>來源檔案\ORB</Filter>
    </ClInclude>
    <ClInclude Include="getFocus\getFocus.hpp">
      <Filter>自訂函式庫\getFocus</Filter>
    </ClInclude>
    <ClInclude Include="LapBlend\LapBlend.hpp">
      <Filter>自訂函式庫\LapBlend</Filter>
    </ClInclude>
    <ClInclude Include="WarpPers\WarpPers.hpp">
      <Filter>自訂函式庫\WarpPers</Filter>
    </ClInclude>
  </ItemGroup>
  <ItemGroup>
    <None Include="testCode.hpp">
      <Filter>標頭檔</Filter>
    </None>
  </ItemGroup>
</Project>